
Microsoft Visual Studio Solution File, Format Version 12.00
# Visual Studio Version 16
VisualStudioVersion = 16.0.29911.84
MinimumVisualStudioVersion = 10.0.40219.1
Project("{8BC9CEB8-8B4A-11D0-8D11-00A0C91BC942}") = "Algorithmic Design and Techniques", "Algorithmic Design and Techniques.vcxproj", "{DED95F35-2656-45F8-863C-1E59886F4218}"
EndProject
Project("{8BC9CEB8-8B4A-11D0-8D11-00A0C91BC942}") = "Sum of Two Digits", "Sum of Two Digits\Sum of Two Digits.vcxproj", "{62BBD81D-D72E-4C34-9CCB-24A3789BF5F9}"
EndProject
Project("{8BC9CEB8-8B4A-11D0-8D11-00A0C91BC942}") = "Maximum Pairwise Product", "Maximum Pairwise Product\Maximum Pairwise Product.vcxproj", "{44823320-CFB4-44AA-B926-3DA349D54339}"
EndProject
Project("{8BC9CEB8-8B4A-11D0-8D11-00A0C91BC942}") = "Small Fibonacci Number", "Small Fibonacci Number\Small Fibonacci Number.vcxproj", "{4EE5F5C8-81BC-4E51-A537-B1C122E65C41}"
EndProject
Project("{8BC9CEB8-8B4A-11D0-8D11-00A0C91BC942}") = "Last Digit of a Large Fibonacci Number", "Last Digit of a Large Fibonacci Number\Last Digit of a Large Fibonacci Number.vcxproj", "{4FBF5B88-66C7-47B8-9031-B9DC52FCCFF3}"
EndProject
Project("{8BC9CEB8-8B4A-11D0-8D11-00A0C91BC942}") = "Greatest Common Divisor", "Greatest Common Divisor\Greatest Common Divisor.vcxproj", "{FCF40CF6-6804-47CA-B2DE-B94F67EA04E1}"
EndProject
Project("{8BC9CEB8-8B4A-11D0-8D11-00A0C91BC942}") = "Least Common Multiple", "Least Common Multiple\Least Common Multiple.vcxproj", "{1DA5DF58-BCBE-4F58-A709-1DF2176B13EB}"
EndProject
Global
	GlobalSection(SolutionConfigurationPlatforms) = preSolution
		Debug|x64 = Debug|x64
		Debug|x86 = Debug|x86
		Release|x64 = Release|x64
		Release|x86 = Release|x86
	EndGlobalSection
	GlobalSection(ProjectConfigurationPlatforms) = postSolution
		{DED95F35-2656-45F8-863C-1E59886F4218}.Debug|x64.ActiveCfg = Debug|x64
		{DED95F35-2656-45F8-863C-1E59886F4218}.Debug|x64.Build.0 = Debug|x64
		{DED95F35-2656-45F8-863C-1E59886F4218}.Debug|x86.ActiveCfg = Debug|Win32
		{DED95F35-2656-45F8-863C-1E59886F4218}.Debug|x86.Build.0 = Debug|Win32
		{DED95F35-2656-45F8-863C-1E59886F4218}.Release|x64.ActiveCfg = Release|x64
		{DED95F35-2656-45F8-863C-1E59886F4218}.Release|x64.Build.0 = Release|x64
		{DED95F35-2656-45F8-863C-1E59886F4218}.Release|x86.ActiveCfg = Release|Win32
		{DED95F35-2656-45F8-863C-1E59886F4218}.Release|x86.Build.0 = Release|Win32
		{62BBD81D-D72E-4C34-9CCB-24A3789BF5F9}.Debug|x64.ActiveCfg = Debug|x64
		{62BBD81D-D72E-4C34-9CCB-24A3789BF5F9}.Debug|x64.Build.0 = Debug|x64
		{62BBD81D-D72E-4C34-9CCB-24A3789BF5F9}.Debug|x86.ActiveCfg = Debug|Win32
		{62BBD81D-D72E-4C34-9CCB-24A3789BF5F9}.Debug|x86.Build.0 = Debug|Win32
		{62BBD81D-D72E-4C34-9CCB-24A3789BF5F9}.Release|x64.ActiveCfg = Release|x64
		{62BBD81D-D72E-4C34-9CCB-24A3789BF5F9}.Release|x64.Build.0 = Release|x64
		{62BBD81D-D72E-4C34-9CCB-24A3789BF5F9}.Release|x86.ActiveCfg = Release|Win32
		{62BBD81D-D72E-4C34-9CCB-24A3789BF5F9}.Release|x86.Build.0 = Release|Win32
		{44823320-CFB4-44AA-B926-3DA349D54339}.Debug|x64.ActiveCfg = Debug|x64
		{44823320-CFB4-44AA-B926-3DA349D54339}.Debug|x64.Build.0 = Debug|x64
		{44823320-CFB4-44AA-B926-3DA349D54339}.Debug|x86.ActiveCfg = Debug|Win32
		{44823320-CFB4-44AA-B926-3DA349D54339}.Debug|x86.Build.0 = Debug|Win32
		{44823320-CFB4-44AA-B926-3DA349D54339}.Release|x64.ActiveCfg = Release|x64
		{44823320-CFB4-44AA-B926-3DA349D54339}.Release|x64.Build.0 = Release|x64
		{44823320-CFB4-44AA-B926-3DA349D54339}.Release|x86.ActiveCfg = Release|Win32
		{44823320-CFB4-44AA-B926-3DA349D54339}.Release|x86.Build.0 = Release|Win32
		{4EE5F5C8-81BC-4E51-A537-B1C122E65C41}.Debug|x64.ActiveCfg = Debug|x64
		{4EE5F5C8-81BC-4E51-A537-B1C122E65C41}.Debug|x64.Build.0 = Debug|x64
		{4EE5F5C8-81BC-4E51-A537-B1C122E65C41}.Debug|x86.ActiveCfg = Debug|Win32
		{4EE5F5C8-81BC-4E51-A537-B1C122E65C41}.Debug|x86.Build.0 = Debug|Win32
		{4EE5F5C8-81BC-4E51-A537-B1C122E65C41}.Release|x64.ActiveCfg = Release|x64
		{4EE5F5C8-81BC-4E51-A537-B1C122E65C41}.Release|x64.Build.0 = Release|x64
		{4EE5F5C8-81BC-4E51-A537-B1C122E65C41}.Release|x86.ActiveCfg = Release|Win32
		{4EE5F5C8-81BC-4E51-A537-B1C122E65C41}.Release|x86.Build.0 = Release|Win32
		{4FBF5B88-66C7-47B8-9031-B9DC52FCCFF3}.Debug|x64.ActiveCfg = Debug|x64
		{4FBF5B88-66C7-47B8-9031-B9DC52FCCFF3}.Debug|x64.Build.0 = Debug|x64
		{4FBF5B88-66C7-47B8-9031-B9DC52FCCFF3}.Debug|x86.ActiveCfg = Debug|Win32
		{4FBF5B88-66C7-47B8-9031-B9DC52FCCFF3}.Debug|x86.Build.0 = Debug|Win32
		{4FBF5B88-66C7-47B8-9031-B9DC52FCCFF3}.Release|x64.ActiveCfg = Release|x64
		{4FBF5B88-66C7-47B8-9031-B9DC52FCCFF3}.Release|x64.Build.0 = Release|x64
		{4FBF5B88-66C7-47B8-9031-B9DC52FCCFF3}.Release|x86.ActiveCfg = Release|Win32
		{4FBF5B88-66C7-47B8-9031-B9DC52FCCFF3}.Release|x86.Build.0 = Release|Win32
		{FCF40CF6-6804-47CA-B2DE-B94F67EA04E1}.Debug|x64.ActiveCfg = Debug|x64
		{FCF40CF6-6804-47CA-B2DE-B94F67EA04E1}.Debug|x64.Build.0 = Debug|x64
		{FCF40CF6-6804-47CA-B2DE-B94F67EA04E1}.Debug|x86.ActiveCfg = Debug|Win32
		{FCF40CF6-6804-47CA-B2DE-B94F67EA04E1}.Debug|x86.Build.0 = Debug|Win32
		{FCF40CF6-6804-47CA-B2DE-B94F67EA04E1}.Release|x64.ActiveCfg = Release|x64
		{FCF40CF6-6804-47CA-B2DE-B94F67EA04E1}.Release|x64.Build.0 = Release|x64
		{FCF40CF6-6804-47CA-B2DE-B94F67EA04E1}.Release|x86.ActiveCfg = Release|Win32
		{FCF40CF6-6804-47CA-B2DE-B94F67EA04E1}.Release|x86.Build.0 = Release|Win32
		{1DA5DF58-BCBE-4F58-A709-1DF2176B13EB}.Debug|x64.ActiveCfg = Debug|x64
		{1DA5DF58-BCBE-4F58-A709-1DF2176B13EB}.Debug|x64.Build.0 = Debug|x64
		{1DA5DF58-BCBE-4F58-A709-1DF2176B13EB}.Debug|x86.ActiveCfg = Debug|Win32
		{1DA5DF58-BCBE-4F58-A709-1DF2176B13EB}.Debug|x86.Build.0 = Debug|Win32
		{1DA5DF58-BCBE-4F58-A709-1DF2176B13EB}.Release|x64.ActiveCfg = Release|x64
		{1DA5DF58-BCBE-4F58-A709-1DF2176B13EB}.Release|x64.Build.0 = Release|x64
		{1DA5DF58-BCBE-4F58-A709-1DF2176B13EB}.Release|x86.ActiveCfg = Release|Win32
		{1DA5DF58-BCBE-4F58-A709-1DF2176B13EB}.Release|x86.Build.0 = Release|Win32
	EndGlobalSection
	GlobalSection(SolutionProperties) = preSolution
		HideSolutionNode = FALSE
	EndGlobalSection
	GlobalSection(ExtensibilityGlobals) = postSolution
		SolutionGuid = {063500F4-61F5-4F84-B733-751C1BAB24A6}
	EndGlobalSection
EndGlobal
